// !$*UTF8*$!
{
	archiveVersion = 1;
	classes = {
	};
	objectVersion = 56;
	objects = {

/* Begin PBXBuildFile section */
		E8924DDA2A253D5C006FC7C6 /* AppDelegate.swift in Sources */ = {isa = PBXBuildFile; fileRef = E8924DD92A253D5C006FC7C6 /* AppDelegate.swift */; };
		E8924DDC2A253D5C006FC7C6 /* SceneDelegate.swift in Sources */ = {isa = PBXBuildFile; fileRef = E8924DDB2A253D5C006FC7C6 /* SceneDelegate.swift */; };
		E8924DDE2A253D5C006FC7C6 /* ViewController.swift in Sources */ = {isa = PBXBuildFile; fileRef = E8924DDD2A253D5C006FC7C6 /* ViewController.swift */; };
		E8924DE32A253D5F006FC7C6 /* Assets.xcassets in Resources */ = {isa = PBXBuildFile; fileRef = E8924DE22A253D5F006FC7C6 /* Assets.xcassets */; };
		E8924DE62A253D5F006FC7C6 /* LaunchScreen.storyboard in Resources */ = {isa = PBXBuildFile; fileRef = E8924DE42A253D5F006FC7C6 /* LaunchScreen.storyboard */; };
		E8924DF02A253DD6006FC7C6 /* HomeViewController.swift in Sources */ = {isa = PBXBuildFile; fileRef = E8924DEF2A253DD6006FC7C6 /* HomeViewController.swift */; };
		E8924DF22A253E3B006FC7C6 /* HomeInteractor.swift in Sources */ = {isa = PBXBuildFile; fileRef = E8924DF12A253E3B006FC7C6 /* HomeInteractor.swift */; };
		E8924DF42A253E54006FC7C6 /* HomePresenter.swift in Sources */ = {isa = PBXBuildFile; fileRef = E8924DF32A253E54006FC7C6 /* HomePresenter.swift */; };
		E8924DF82A253E6B006FC7C6 /* HomeRouter.swift in Sources */ = {isa = PBXBuildFile; fileRef = E8924DF72A253E6B006FC7C6 /* HomeRouter.swift */; };
		E8924DFA2A253E72006FC7C6 /* HomeWorker.swift in Sources */ = {isa = PBXBuildFile; fileRef = E8924DF92A253E72006FC7C6 /* HomeWorker.swift */; };
		E8924DFC2A253E7F006FC7C6 /* HomeConfigurator.swift in Sources */ = {isa = PBXBuildFile; fileRef = E8924DFB2A253E7F006FC7C6 /* HomeConfigurator.swift */; };
		E8924DFE2A25423D006FC7C6 /* HomeDataSource.swift in Sources */ = {isa = PBXBuildFile; fileRef = E8924DFD2A25423D006FC7C6 /* HomeDataSource.swift */; };
		E8924E012A2542BC006FC7C6 /* Coctail.swift in Sources */ = {isa = PBXBuildFile; fileRef = E8924E002A2542BC006FC7C6 /* Coctail.swift */; };
		E8924E032A25459B006FC7C6 /* HomeCollectionViewCell.swift in Sources */ = {isa = PBXBuildFile; fileRef = E8924E022A25459B006FC7C6 /* HomeCollectionViewCell.swift */; };
		E8924E072A2546FC006FC7C6 /* Kingfisher in Frameworks */ = {isa = PBXBuildFile; productRef = E8924E062A2546FC006FC7C6 /* Kingfisher */; };
		E8924E0A2A25470D006FC7C6 /* SnapKit in Frameworks */ = {isa = PBXBuildFile; productRef = E8924E092A25470D006FC7C6 /* SnapKit */; };
		E8924E0D2A25471F006FC7C6 /* Alamofire in Frameworks */ = {isa = PBXBuildFile; productRef = E8924E0C2A25471F006FC7C6 /* Alamofire */; };
		E8924E102A2547AA006FC7C6 /* Color.swift in Sources */ = {isa = PBXBuildFile; fileRef = E8924E0F2A2547AA006FC7C6 /* Color.swift */; };
		E8924E142A2552D8006FC7C6 /* NetworkManager.swift in Sources */ = {isa = PBXBuildFile; fileRef = E8924E132A2552D8006FC7C6 /* NetworkManager.swift */; };
		E8924E162A25530D006FC7C6 /* Enpoint.swift in Sources */ = {isa = PBXBuildFile; fileRef = E8924E152A25530D006FC7C6 /* Enpoint.swift */; };
		E8924E1D2A276E77006FC7C6 /* CustomErrors.swift in Sources */ = {isa = PBXBuildFile; fileRef = E8924E1C2A276E77006FC7C6 /* CustomErrors.swift */; };
/* End PBXBuildFile section */

/* Begin PBXFileReference section */
		E8924DD62A253D5C006FC7C6 /* CoctailApp.app */ = {isa = PBXFileReference; explicitFileType = wrapper.application; includeInIndex = 0; path = CoctailApp.app; sourceTree = BUILT_PRODUCTS_DIR; };
		E8924DD92A253D5C006FC7C6 /* AppDelegate.swift */ = {isa = PBXFileReference; lastKnownFileType = sourcecode.swift; path = AppDelegate.swift; sourceTree = "<group>"; };
		E8924DDB2A253D5C006FC7C6 /* SceneDelegate.swift */ = {isa = PBXFileReference; lastKnownFileType = sourcecode.swift; path = SceneDelegate.swift; sourceTree = "<group>"; };
		E8924DDD2A253D5C006FC7C6 /* ViewController.swift */ = {isa = PBXFileReference; lastKnownFileType = sourcecode.swift; path = ViewController.swift; sourceTree = "<group>"; };
		E8924DE22A253D5F006FC7C6 /* Assets.xcassets */ = {isa = PBXFileReference; lastKnownFileType = folder.assetcatalog; path = Assets.xcassets; sourceTree = "<group>"; };
		E8924DE52A253D5F006FC7C6 /* Base */ = {isa = PBXFileReference; lastKnownFileType = file.storyboard; name = Base; path = Base.lproj/LaunchScreen.storyboard; sourceTree = "<group>"; };
		E8924DE72A253D5F006FC7C6 /* Info.plist */ = {isa = PBXFileReference; lastKnownFileType = text.plist.xml; path = Info.plist; sourceTree = "<group>"; };
		E8924DEF2A253DD6006FC7C6 /* HomeViewController.swift */ = {isa = PBXFileReference; lastKnownFileType = sourcecode.swift; path = HomeViewController.swift; sourceTree = "<group>"; };
		E8924DF12A253E3B006FC7C6 /* HomeInteractor.swift */ = {isa = PBXFileReference; lastKnownFileType = sourcecode.swift; path = HomeInteractor.swift; sourceTree = "<group>"; };
		E8924DF32A253E54006FC7C6 /* HomePresenter.swift */ = {isa = PBXFileReference; lastKnownFileType = sourcecode.swift; path = HomePresenter.swift; sourceTree = "<group>"; };
		E8924DF72A253E6B006FC7C6 /* HomeRouter.swift */ = {isa = PBXFileReference; lastKnownFileType = sourcecode.swift; path = HomeRouter.swift; sourceTree = "<group>"; };
		E8924DF92A253E72006FC7C6 /* HomeWorker.swift */ = {isa = PBXFileReference; lastKnownFileType = sourcecode.swift; path = HomeWorker.swift; sourceTree = "<group>"; };
		E8924DFB2A253E7F006FC7C6 /* HomeConfigurator.swift */ = {isa = PBXFileReference; lastKnownFileType = sourcecode.swift; path = HomeConfigurator.swift; sourceTree = "<group>"; };
		E8924DFD2A25423D006FC7C6 /* HomeDataSource.swift */ = {isa = PBXFileReference; lastKnownFileType = sourcecode.swift; path = HomeDataSource.swift; sourceTree = "<group>"; };
		E8924E002A2542BC006FC7C6 /* Coctail.swift */ = {isa = PBXFileReference; lastKnownFileType = sourcecode.swift; path = Coctail.swift; sourceTree = "<group>"; };
		E8924E022A25459B006FC7C6 /* HomeCollectionViewCell.swift */ = {isa = PBXFileReference; lastKnownFileType = sourcecode.swift; path = HomeCollectionViewCell.swift; sourceTree = "<group>"; };
		E8924E0F2A2547AA006FC7C6 /* Color.swift */ = {isa = PBXFileReference; lastKnownFileType = sourcecode.swift; path = Color.swift; sourceTree = "<group>"; };
		E8924E132A2552D8006FC7C6 /* NetworkManager.swift */ = {isa = PBXFileReference; lastKnownFileType = sourcecode.swift; path = NetworkManager.swift; sourceTree = "<group>"; };
		E8924E152A25530D006FC7C6 /* Enpoint.swift */ = {isa = PBXFileReference; lastKnownFileType = sourcecode.swift; path = Enpoint.swift; sourceTree = "<group>"; };
		E8924E1C2A276E77006FC7C6 /* CustomErrors.swift */ = {isa = PBXFileReference; lastKnownFileType = sourcecode.swift; path = CustomErrors.swift; sourceTree = "<group>"; };
/* End PBXFileReference section */

/* Begin PBXFrameworksBuildPhase section */
		E8924DD32A253D5C006FC7C6 /* Frameworks */ = {
			isa = PBXFrameworksBuildPhase;
			buildActionMask = 2147483647;
			files = (
				E8924E0D2A25471F006FC7C6 /* Alamofire in Frameworks */,
				E8924E072A2546FC006FC7C6 /* Kingfisher in Frameworks */,
				E8924E0A2A25470D006FC7C6 /* SnapKit in Frameworks */,
			);
			runOnlyForDeploymentPostprocessing = 0;
		};
/* End PBXFrameworksBuildPhase section */

/* Begin PBXGroup section */
		E8924DCD2A253D5C006FC7C6 = {
			isa = PBXGroup;
			children = (
				E8924DD82A253D5C006FC7C6 /* CoctailApp */,
				E8924DD72A253D5C006FC7C6 /* Products */,
			);
			sourceTree = "<group>";
		};
		E8924DD72A253D5C006FC7C6 /* Products */ = {
			isa = PBXGroup;
			children = (
				E8924DD62A253D5C006FC7C6 /* CoctailApp.app */,
			);
			name = Products;
			sourceTree = "<group>";
		};
		E8924DD82A253D5C006FC7C6 /* CoctailApp */ = {
			isa = PBXGroup;
			children = (
				E8924E1E2A277153006FC7C6 /* Base */,
				E8924E0E2A25479B006FC7C6 /* Utils */,
				E8924E1B2A276E50006FC7C6 /* Managers */,
				E8924DFF2A2542B4006FC7C6 /* Models */,
				E8924DED2A253DC0006FC7C6 /* Modules */,
				E8924DDD2A253D5C006FC7C6 /* ViewController.swift */,
				E8924DE22A253D5F006FC7C6 /* Assets.xcassets */,
				E8924DE42A253D5F006FC7C6 /* LaunchScreen.storyboard */,
				E8924DE72A253D5F006FC7C6 /* Info.plist */,
			);
			path = CoctailApp;
			sourceTree = "<group>";
		};
		E8924DED2A253DC0006FC7C6 /* Modules */ = {
			isa = PBXGroup;
			children = (
				E8924DEE2A253DC7006FC7C6 /* Home */,
			);
			path = Modules;
			sourceTree = "<group>";
		};
		E8924DEE2A253DC7006FC7C6 /* Home */ = {
			isa = PBXGroup;
			children = (
				E8924E042A25459D006FC7C6 /* Cell */,
				E8924DEF2A253DD6006FC7C6 /* HomeViewController.swift */,
				E8924DF12A253E3B006FC7C6 /* HomeInteractor.swift */,
				E8924DF32A253E54006FC7C6 /* HomePresenter.swift */,
				E8924DF72A253E6B006FC7C6 /* HomeRouter.swift */,
				E8924DF92A253E72006FC7C6 /* HomeWorker.swift */,
				E8924DFB2A253E7F006FC7C6 /* HomeConfigurator.swift */,
				E8924DFD2A25423D006FC7C6 /* HomeDataSource.swift */,
			);
			path = Home;
			sourceTree = "<group>";
		};
		E8924DFF2A2542B4006FC7C6 /* Models */ = {
			isa = PBXGroup;
			children = (
				E8924E002A2542BC006FC7C6 /* Coctail.swift */,
			);
			path = Models;
			sourceTree = "<group>";
		};
		E8924E042A25459D006FC7C6 /* Cell */ = {
			isa = PBXGroup;
			children = (
				E8924E022A25459B006FC7C6 /* HomeCollectionViewCell.swift */,
			);
			path = Cell;
			sourceTree = "<group>";
		};
		E8924E0E2A25479B006FC7C6 /* Utils */ = {
			isa = PBXGroup;
			children = (
				E8924E152A25530D006FC7C6 /* Enpoint.swift */,
				E8924E0F2A2547AA006FC7C6 /* Color.swift */,
				E8924E1C2A276E77006FC7C6 /* CustomErrors.swift */,
			);
			path = Utils;
			sourceTree = "<group>";
		};
		E8924E1B2A276E50006FC7C6 /* Managers */ = {
			isa = PBXGroup;
			children = (
				E8924E132A2552D8006FC7C6 /* NetworkManager.swift */,
			);
			path = Managers;
			sourceTree = "<group>";
		};
		E8924E1E2A277153006FC7C6 /* Base */ = {
			isa = PBXGroup;
			children = (
				E8924DD92A253D5C006FC7C6 /* AppDelegate.swift */,
				E8924DDB2A253D5C006FC7C6 /* SceneDelegate.swift */,
			);
			path = Base;
			sourceTree = "<group>";
		};
/* End PBXGroup section */

/* Begin PBXNativeTarget section */
		E8924DD52A253D5C006FC7C6 /* CoctailApp */ = {
			isa = PBXNativeTarget;
			buildConfigurationList = E8924DEA2A253D5F006FC7C6 /* Build configuration list for PBXNativeTarget "CoctailApp" */;
			buildPhases = (
				E8924DD22A253D5C006FC7C6 /* Sources */,
				E8924DD32A253D5C006FC7C6 /* Frameworks */,
				E8924DD42A253D5C006FC7C6 /* Resources */,
			);
			buildRules = (
			);
			dependencies = (
			);
			name = CoctailApp;
			packageProductDependencies = (
				E8924E062A2546FC006FC7C6 /* Kingfisher */,
				E8924E092A25470D006FC7C6 /* SnapKit */,
				E8924E0C2A25471F006FC7C6 /* Alamofire */,
			);
			productName = CoctailApp;
			productReference = E8924DD62A253D5C006FC7C6 /* CoctailApp.app */;
			productType = "com.apple.product-type.application";
		};
/* End PBXNativeTarget section */

/* Begin PBXProject section */
		E8924DCE2A253D5C006FC7C6 /* Project object */ = {
			isa = PBXProject;
			attributes = {
				BuildIndependentTargetsInParallel = 1;
				LastSwiftUpdateCheck = 1410;
				LastUpgradeCheck = 1410;
				TargetAttributes = {
					E8924DD52A253D5C006FC7C6 = {
						CreatedOnToolsVersion = 14.1;
					};
				};
			};
			buildConfigurationList = E8924DD12A253D5C006FC7C6 /* Build configuration list for PBXProject "CoctailApp" */;
			compatibilityVersion = "Xcode 14.0";
			developmentRegion = en;
			hasScannedForEncodings = 0;
			knownRegions = (
				en,
				Base,
			);
			mainGroup = E8924DCD2A253D5C006FC7C6;
			packageReferences = (
				E8924E052A2546FC006FC7C6 /* XCRemoteSwiftPackageReference "Kingfisher" */,
				E8924E082A25470D006FC7C6 /* XCRemoteSwiftPackageReference "SnapKit" */,
				E8924E0B2A25471F006FC7C6 /* XCRemoteSwiftPackageReference "Alamofire" */,
			);
			productRefGroup = E8924DD72A253D5C006FC7C6 /* Products */;
			projectDirPath = "";
			projectRoot = "";
			targets = (
				E8924DD52A253D5C006FC7C6 /* CoctailApp */,
			);
		};
/* End PBXProject section */

/* Begin PBXResourcesBuildPhase section */
		E8924DD42A253D5C006FC7C6 /* Resources */ = {
			isa = PBXResourcesBuildPhase;
			buildActionMask = 2147483647;
			files = (
				E8924DE62A253D5F006FC7C6 /* LaunchScreen.storyboard in Resources */,
				E8924DE32A253D5F006FC7C6 /* Assets.xcassets in Resources */,
			);
			runOnlyForDeploymentPostprocessing = 0;
		};
/* End PBXResourcesBuildPhase section */

/* Begin PBXSourcesBuildPhase section */
		E8924DD22A253D5C006FC7C6 /* Sources */ = {
			isa = PBXSourcesBuildPhase;
			buildActionMask = 2147483647;
			files = (
				E8924DDE2A253D5C006FC7C6 /* ViewController.swift in Sources */,
				E8924E162A25530D006FC7C6 /* Enpoint.swift in Sources */,
				E8924DDA2A253D5C006FC7C6 /* AppDelegate.swift in Sources */,
				E8924DF82A253E6B006FC7C6 /* HomeRouter.swift in Sources */,
				E8924E012A2542BC006FC7C6 /* Coctail.swift in Sources */,
				E8924E1D2A276E77006FC7C6 /* CustomErrors.swift in Sources */,
				E8924E102A2547AA006FC7C6 /* Color.swift in Sources */,
				E8924DDC2A253D5C006FC7C6 /* SceneDelegate.swift in Sources */,
				E8924DF42A253E54006FC7C6 /* HomePresenter.swift in Sources */,
				E8924E032A25459B006FC7C6 /* HomeCollectionViewCell.swift in Sources */,
				E8924DFE2A25423D006FC7C6 /* HomeDataSource.swift in Sources */,
				E8924DF22A253E3B006FC7C6 /* HomeInteractor.swift in Sources */,
				E8924E142A2552D8006FC7C6 /* NetworkManager.swift in Sources */,
				E8924DFC2A253E7F006FC7C6 /* HomeConfigurator.swift in Sources */,
				E8924DFA2A253E72006FC7C6 /* HomeWorker.swift in Sources */,
				E8924DF02A253DD6006FC7C6 /* HomeViewController.swift in Sources */,
			);
			runOnlyForDeploymentPostprocessing = 0;
		};
/* End PBXSourcesBuildPhase section */

/* Begin PBXVariantGroup section */
		E8924DE42A253D5F006FC7C6 /* LaunchScreen.storyboard */ = {
			isa = PBXVariantGroup;
			children = (
				E8924DE52A253D5F006FC7C6 /* Base */,
			);
			name = LaunchScreen.storyboard;
			sourceTree = "<group>";
		};
/* End PBXVariantGroup section */

/* Begin XCBuildConfiguration section */
		E8924DE82A253D5F006FC7C6 /* Debug */ = {
			isa = XCBuildConfiguration;
			buildSettings = {
				ALWAYS_SEARCH_USER_PATHS = NO;
				CLANG_ANALYZER_NONNULL = YES;
				CLANG_ANALYZER_NUMBER_OBJECT_CONVERSION = YES_AGGRESSIVE;
				CLANG_CXX_LANGUAGE_STANDARD = "gnu++20";
				CLANG_ENABLE_MODULES = YES;
				CLANG_ENABLE_OBJC_ARC = YES;
				CLANG_ENABLE_OBJC_WEAK = YES;
				CLANG_WARN_BLOCK_CAPTURE_AUTORELEASING = YES;
				CLANG_WARN_BOOL_CONVERSION = YES;
				CLANG_WARN_COMMA = YES;
				CLANG_WARN_CONSTANT_CONVERSION = YES;
				CLANG_WARN_DEPRECATED_OBJC_IMPLEMENTATIONS = YES;
				CLANG_WARN_DIRECT_OBJC_ISA_USAGE = YES_ERROR;
				CLANG_WARN_DOCUMENTATION_COMMENTS = YES;
				CLANG_WARN_EMPTY_BODY = YES;
				CLANG_WARN_ENUM_CONVERSION = YES;
				CLANG_WARN_INFINITE_RECURSION = YES;
				CLANG_WARN_INT_CONVERSION = YES;
				CLANG_WARN_NON_LITERAL_NULL_CONVERSION = YES;
				CLANG_WARN_OBJC_IMPLICIT_RETAIN_SELF = YES;
				CLANG_WARN_OBJC_LITERAL_CONVERSION = YES;
				CLANG_WARN_OBJC_ROOT_CLASS = YES_ERROR;
				CLANG_WARN_QUOTED_INCLUDE_IN_FRAMEWORK_HEADER = YES;
				CLANG_WARN_RANGE_LOOP_ANALYSIS = YES;
				CLANG_WARN_STRICT_PROTOTYPES = YES;
				CLANG_WARN_SUSPICIOUS_MOVE = YES;
				CLANG_WARN_UNGUARDED_AVAILABILITY = YES_AGGRESSIVE;
				CLANG_WARN_UNREACHABLE_CODE = YES;
				CLANG_WARN__DUPLICATE_METHOD_MATCH = YES;
				COPY_PHASE_STRIP = NO;
				DEBUG_INFORMATION_FORMAT = dwarf;
				ENABLE_STRICT_OBJC_MSGSEND = YES;
				ENABLE_TESTABILITY = YES;
				GCC_C_LANGUAGE_STANDARD = gnu11;
				GCC_DYNAMIC_NO_PIC = NO;
				GCC_NO_COMMON_BLOCKS = YES;
				GCC_OPTIMIZATION_LEVEL = 0;
				GCC_PREPROCESSOR_DEFINITIONS = (
					"DEBUG=1",
					"$(inherited)",
				);
				GCC_WARN_64_TO_32_BIT_CONVERSION = YES;
				GCC_WARN_ABOUT_RETURN_TYPE = YES_ERROR;
				GCC_WARN_UNDECLARED_SELECTOR = YES;
				GCC_WARN_UNINITIALIZED_AUTOS = YES_AGGRESSIVE;
				GCC_WARN_UNUSED_FUNCTION = YES;
				GCC_WARN_UNUSED_VARIABLE = YES;
				IPHONEOS_DEPLOYMENT_TARGET = 16.1;
				MTL_ENABLE_DEBUG_INFO = INCLUDE_SOURCE;
				MTL_FAST_MATH = YES;
				ONLY_ACTIVE_ARCH = YES;
				SDKROOT = iphoneos;
				SWIFT_ACTIVE_COMPILATION_CONDITIONS = DEBUG;
				SWIFT_OPTIMIZATION_LEVEL = "-Onone";
			};
			name = Debug;
		};
		E8924DE92A253D5F006FC7C6 /* Release */ = {
			isa = XCBuildConfiguration;
			buildSettings = {
				ALWAYS_SEARCH_USER_PATHS = NO;
				CLANG_ANALYZER_NONNULL = YES;
				CLANG_ANALYZER_NUMBER_OBJECT_CONVERSION = YES_AGGRESSIVE;
				CLANG_CXX_LANGUAGE_STANDARD = "gnu++20";
				CLANG_ENABLE_MODULES = YES;
				CLANG_ENABLE_OBJC_ARC = YES;
				CLANG_ENABLE_OBJC_WEAK = YES;
				CLANG_WARN_BLOCK_CAPTURE_AUTORELEASING = YES;
				CLANG_WARN_BOOL_CONVERSION = YES;
				CLANG_WARN_COMMA = YES;
				CLANG_WARN_CONSTANT_CONVERSION = YES;
				CLANG_WARN_DEPRECATED_OBJC_IMPLEMENTATIONS = YES;
				CLANG_WARN_DIRECT_OBJC_ISA_USAGE = YES_ERROR;
				CLANG_WARN_DOCUMENTATION_COMMENTS = YES;
				CLANG_WARN_EMPTY_BODY = YES;
				CLANG_WARN_ENUM_CONVERSION = YES;
				CLANG_WARN_INFINITE_RECURSION = YES;
				CLANG_WARN_INT_CONVERSION = YES;
				CLANG_WARN_NON_LITERAL_NULL_CONVERSION = YES;
				CLANG_WARN_OBJC_IMPLICIT_RETAIN_SELF = YES;
				CLANG_WARN_OBJC_LITERAL_CONVERSION = YES;
				CLANG_WARN_OBJC_ROOT_CLASS = YES_ERROR;
				CLANG_WARN_QUOTED_INCLUDE_IN_FRAMEWORK_HEADER = YES;
				CLANG_WARN_RANGE_LOOP_ANALYSIS = YES;
				CLANG_WARN_STRICT_PROTOTYPES = YES;
				CLANG_WARN_SUSPICIOUS_MOVE = YES;
				CLANG_WARN_UNGUARDED_AVAILABILITY = YES_AGGRESSIVE;
				CLANG_WARN_UNREACHABLE_CODE = YES;
				CLANG_WARN__DUPLICATE_METHOD_MATCH = YES;
				COPY_PHASE_STRIP = NO;
				DEBUG_INFORMATION_FORMAT = "dwarf-with-dsym";
				ENABLE_NS_ASSERTIONS = NO;
				ENABLE_STRICT_OBJC_MSGSEND = YES;
				GCC_C_LANGUAGE_STANDARD = gnu11;
				GCC_NO_COMMON_BLOCKS = YES;
				GCC_WARN_64_TO_32_BIT_CONVERSION = YES;
				GCC_WARN_ABOUT_RETURN_TYPE = YES_ERROR;
				GCC_WARN_UNDECLARED_SELECTOR = YES;
				GCC_WARN_UNINITIALIZED_AUTOS = YES_AGGRESSIVE;
				GCC_WARN_UNUSED_FUNCTION = YES;
				GCC_WARN_UNUSED_VARIABLE = YES;
				IPHONEOS_DEPLOYMENT_TARGET = 16.1;
				MTL_ENABLE_DEBUG_INFO = NO;
				MTL_FAST_MATH = YES;
				SDKROOT = iphoneos;
				SWIFT_COMPILATION_MODE = wholemodule;
				SWIFT_OPTIMIZATION_LEVEL = "-O";
				VALIDATE_PRODUCT = YES;
			};
			name = Release;
		};
		E8924DEB2A253D5F006FC7C6 /* Debug */ = {
			isa = XCBuildConfiguration;
			buildSettings = {
				ASSETCATALOG_COMPILER_APPICON_NAME = AppIcon;
				ASSETCATALOG_COMPILER_GLOBAL_ACCENT_COLOR_NAME = AccentColor;
				CODE_SIGN_STYLE = Automatic;
				CURRENT_PROJECT_VERSION = 1;
				DEVELOPMENT_TEAM = 29JK24NZ4B;
				GENERATE_INFOPLIST_FILE = YES;
				INFOPLIST_FILE = CoctailApp/Info.plist;
				INFOPLIST_KEY_UIApplicationSupportsIndirectInputEvents = YES;
				INFOPLIST_KEY_UILaunchStoryboardName = LaunchScreen;
				INFOPLIST_KEY_UIMainStoryboardFile = "";
				INFOPLIST_KEY_UIStatusBarStyle = "";
				INFOPLIST_KEY_UISupportedInterfaceOrientations_iPad = "UIInterfaceOrientationPortrait UIInterfaceOrientationPortraitUpsideDown UIInterfaceOrientationLandscapeLeft UIInterfaceOrientationLandscapeRight";
				INFOPLIST_KEY_UISupportedInterfaceOrientations_iPhone = "UIInterfaceOrientationPortrait UIInterfaceOrientationLandscapeLeft UIInterfaceOrientationLandscapeRight";
				LD_RUNPATH_SEARCH_PATHS = (
					"$(inherited)",
					"@executable_path/Frameworks",
				);
				MARKETING_VERSION = 1.0;
				PRODUCT_BUNDLE_IDENTIFIER = com.mine.CoctailApp;
				PRODUCT_NAME = "$(TARGET_NAME)";
				SWIFT_EMIT_LOC_STRINGS = YES;
				SWIFT_VERSION = 5.0;
				TARGETED_DEVICE_FAMILY = "1,2";
			};
			name = Debug;
		};
		E8924DEC2A253D5F006FC7C6 /* Release */ = {
			isa = XCBuildConfiguration;
			buildSettings = {
				ASSETCATALOG_COMPILER_APPICON_NAME = AppIcon;
				ASSETCATALOG_COMPILER_GLOBAL_ACCENT_COLOR_NAME = AccentColor;
				CODE_SIGN_STYLE = Automatic;
				CURRENT_PROJECT_VERSION = 1;
				DEVELOPMENT_TEAM = 29JK24NZ4B;
				GENERATE_INFOPLIST_FILE = YES;
				INFOPLIST_FILE = CoctailApp/Info.plist;
				INFOPLIST_KEY_UIApplicationSupportsIndirectInputEvents = YES;
				INFOPLIST_KEY_UILaunchStoryboardName = LaunchScreen;
				INFOPLIST_KEY_UIMainStoryboardFile = "";
				INFOPLIST_KEY_UIStatusBarStyle = "";
				INFOPLIST_KEY_UISupportedInterfaceOrientations_iPad = "UIInterfaceOrientationPortrait UIInterfaceOrientationPortraitUpsideDown UIInterfaceOrientationLandscapeLeft UIInterfaceOrientationLandscapeRight";
				INFOPLIST_KEY_UISupportedInterfaceOrientations_iPhone = "UIInterfaceOrientationPortrait UIInterfaceOrientationLandscapeLeft UIInterfaceOrientationLandscapeRight";
				LD_RUNPATH_SEARCH_PATHS = (
					"$(inherited)",
					"@executable_path/Frameworks",
				);
				MARKETING_VERSION = 1.0;
				PRODUCT_BUNDLE_IDENTIFIER = com.mine.CoctailApp;
				PRODUCT_NAME = "$(TARGET_NAME)";
				SWIFT_EMIT_LOC_STRINGS = YES;
				SWIFT_VERSION = 5.0;
				TARGETED_DEVICE_FAMILY = "1,2";
			};
			name = Release;
		};
/* End XCBuildConfiguration section */

/* Begin XCConfigurationList section */
		E8924DD12A253D5C006FC7C6 /* Build configuration list for PBXProject "CoctailApp" */ = {
			isa = XCConfigurationList;
			buildConfigurations = (
				E8924DE82A253D5F006FC7C6 /* Debug */,
				E8924DE92A253D5F006FC7C6 /* Release */,
			);
			defaultConfigurationIsVisible = 0;
			defaultConfigurationName = Release;
		};
		E8924DEA2A253D5F006FC7C6 /* Build configuration list for PBXNativeTarget "CoctailApp" */ = {
			isa = XCConfigurationList;
			buildConfigurations = (
				E8924DEB2A253D5F006FC7C6 /* Debug */,
				E8924DEC2A253D5F006FC7C6 /* Release */,
			);
			defaultConfigurationIsVisible = 0;
			defaultConfigurationName = Release;
		};
/* End XCConfigurationList section */

/* Begin XCRemoteSwiftPackageReference section */
		E8924E052A2546FC006FC7C6 /* XCRemoteSwiftPackageReference "Kingfisher" */ = {
			isa = XCRemoteSwiftPackageReference;
			repositoryURL = "https://github.com/onevcat/Kingfisher.git";
			requirement = {
				kind = upToNextMajorVersion;
				minimumVersion = 7.0.0;
			};
		};
		E8924E082A25470D006FC7C6 /* XCRemoteSwiftPackageReference "SnapKit" */ = {
			isa = XCRemoteSwiftPackageReference;
			repositoryURL = "https://github.com/SnapKit/SnapKit.git";
			requirement = {
				kind = upToNextMajorVersion;
				minimumVersion = 5.0.0;
			};
		};
		E8924E0B2A25471F006FC7C6 /* XCRemoteSwiftPackageReference "Alamofire" */ = {
			isa = XCRemoteSwiftPackageReference;
			repositoryURL = "https://github.com/Alamofire/Alamofire.git";
			requirement = {
				kind = upToNextMajorVersion;
				minimumVersion = 5.0.0;
			};
		};
/* End XCRemoteSwiftPackageReference section */

/* Begin XCSwiftPackageProductDependency section */
		E8924E062A2546FC006FC7C6 /* Kingfisher */ = {
			isa = XCSwiftPackageProductDependency;
			package = E8924E052A2546FC006FC7C6 /* XCRemoteSwiftPackageReference "Kingfisher" */;
			productName = Kingfisher;
		};
		E8924E092A25470D006FC7C6 /* SnapKit */ = {
			isa = XCSwiftPackageProductDependency;
			package = E8924E082A25470D006FC7C6 /* XCRemoteSwiftPackageReference "SnapKit" */;
			productName = SnapKit;
		};
		E8924E0C2A25471F006FC7C6 /* Alamofire */ = {
			isa = XCSwiftPackageProductDependency;
			package = E8924E0B2A25471F006FC7C6 /* XCRemoteSwiftPackageReference "Alamofire" */;
			productName = Alamofire;
		};
/* End XCSwiftPackageProductDependency section */
	};
	rootObject = E8924DCE2A253D5C006FC7C6 /* Project object */;
}
